
Microsoft Visual Studio Solution File, Format Version 12.00
# Visual Studio 2012
Project("{FAE04EC0-301F-11D3-BF4B-00C04F79EFBC}") = "LinkedIn_Honda_DreamTeam", "LinkedIn_Accord\LinkedIn_Honda_DreamTeam.csproj", "{06F624A6-BC34-477F-81A9-F0744F5A3FC2}"
EndProject
Global
	GlobalSection(TeamFoundationVersionControl) = preSolution
		SccNumberOfProjects = 2
		SccEnterpriseProvider = {4CA58AB2-18FA-4F8D-95D4-32DDF27D184C}
		SccTeamFoundationServer = http://tfs.alphasalmon.com.au:8080/tfs/defaultcollection
		SccLocalPath0 = .
		SccProjectUniqueName1 = LinkedIn_Accord\\LinkedIn_Honda_DreamTeam.csproj
		SccProjectName1 = LinkedIn_Accord
		SccLocalPath1 = LinkedIn_Accord
	EndGlobalSection
	GlobalSection(SolutionConfigurationPlatforms) = preSolution
		Debug|Any CPU = Debug|Any CPU
		Release|Any CPU = Release|Any CPU
	EndGlobalSection
	GlobalSection(ProjectConfigurationPlatforms) = postSolution
		{06F624A6-BC34-477F-81A9-F0744F5A3FC2}.Debug|Any CPU.ActiveCfg = Debug|Any CPU
		{06F624A6-BC34-477F-81A9-F0744F5A3FC2}.Debug|Any CPU.Build.0 = Debug|Any CPU
		{06F624A6-BC34-477F-81A9-F0744F5A3FC2}.Release|Any CPU.ActiveCfg = Release|Any CPU
		{06F624A6-BC34-477F-81A9-F0744F5A3FC2}.Release|Any CPU.Build.0 = Release|Any CPU
	EndGlobalSection
	GlobalSection(SolutionProperties) = preSolution
		HideSolutionNode = FALSE
	EndGlobalSection
EndGlobal
